
Microsoft Visual Studio Solution File, Format Version 12.00
# Visual Studio Version 16
VisualStudioVersion = 16.0.30523.141
MinimumVisualStudioVersion = 10.0.40219.1
Project("{888888A0-9F3D-457C-B088-3A5042F75D52}") = "MemoryTrainingPY", "MemoryTrainingPY\MemoryTrainingPY.pyproj", "{318A8711-1A45-4660-8413-C2FAB84CB067}"
EndProject
Global
	GlobalSection(SolutionConfigurationPlatforms) = preSolution
		Debug|Any CPU = Debug|Any CPU
		Release|Any CPU = Release|Any CPU
	EndGlobalSection
	GlobalSection(ProjectConfigurationPlatforms) = postSolution
		{318A8711-1A45-4660-8413-C2FAB84CB067}.Debug|Any CPU.ActiveCfg = Debug|Any CPU
		{318A8711-1A45-4660-8413-C2FAB84CB067}.Release|Any CPU.ActiveCfg = Release|Any CPU
	EndGlobalSection
	GlobalSection(SolutionProperties) = preSolution
		HideSolutionNode = FALSE
	EndGlobalSection
	GlobalSection(ExtensibilityGlobals) = postSolution
		SolutionGuid = {1BF0798D-9425-4E1C-8A2B-03EE1374A656}
	EndGlobalSection
EndGlobal
